{
    "_readme": [
        "This file locks the dependencies of your project to a known state",
        "Read more about it at https://getcomposer.org/doc/01-basic-usage.md#installing-dependencies",
        "This file is @generated automatically"
    ],
    "content-hash": "a754932545857f45b7a06630bf4a9528",
    "packages": [
        {
            "name": "phpdocumentor/reflection-common",
            "version": "2.0.0",
            "source": {
                "type": "git",
                "url": "https://github.com/phpDocumentor/ReflectionCommon.git",
                "reference": "63a995caa1ca9e5590304cd845c15ad6d482a62a"
            },
            "dist": {
                "type": "zip",
                "url": "https://api.github.com/repos/phpDocumentor/ReflectionCommon/zipball/63a995caa1ca9e5590304cd845c15ad6d482a62a",
                "reference": "63a995caa1ca9e5590304cd845c15ad6d482a62a",
                "shasum": ""
            },
            "require": {
                "php": ">=7.1"
            },
            "require-dev": {
                "phpunit/phpunit": "~6"
            },
            "type": "library",
            "extra": {
                "branch-alias": {
                    "dev-master": "2.x-dev"
                }
            },
            "autoload": {
                "psr-4": {
                    "phpDocumentor\\Reflection\\": "src/"
                }
            },
            "notification-url": "https://packagist.org/downloads/",
            "license": [
                "MIT"
            ],
            "authors": [
                {
                    "name": "Jaap van Otterdijk",
                    "email": "opensource@ijaap.nl"
                }
            ],
            "description": "Common reflection classes used by phpdocumentor to reflect the code structure",
            "homepage": "http://www.phpdoc.org",
            "keywords": [
                "FQSEN",
                "phpDocumentor",
                "phpdoc",
                "reflection",
                "static analysis"
            ],
            "time": "2018-08-07T13:53:10+00:00"
        },
        {
            "name": "phpdocumentor/reflection-docblock",
            "version": "4.3.4",
            "source": {
                "type": "git",
                "url": "https://github.com/phpDocumentor/ReflectionDocBlock.git",
                "reference": "da3fd972d6bafd628114f7e7e036f45944b62e9c"
            },
            "dist": {
                "type": "zip",
                "url": "https://api.github.com/repos/phpDocumentor/ReflectionDocBlock/zipball/da3fd972d6bafd628114f7e7e036f45944b62e9c",
                "reference": "da3fd972d6bafd628114f7e7e036f45944b62e9c",
                "shasum": ""
            },
            "require": {
                "php": "^7.0",
                "phpdocumentor/reflection-common": "^1.0.0 || ^2.0.0",
                "phpdocumentor/type-resolver": "~0.4 || ^1.0.0",
                "webmozart/assert": "^1.0"
            },
            "require-dev": {
                "doctrine/instantiator": "^1.0.5",
                "mockery/mockery": "^1.0",
                "phpdocumentor/type-resolver": "0.4.*",
                "phpunit/phpunit": "^6.4"
            },
            "type": "library",
            "extra": {
                "branch-alias": {
                    "dev-master": "4.x-dev"
                }
            },
            "autoload": {
                "psr-4": {
                    "phpDocumentor\\Reflection\\": [
                        "src/"
                    ]
                }
            },
            "notification-url": "https://packagist.org/downloads/",
            "license": [
                "MIT"
            ],
            "authors": [
                {
                    "name": "Mike van Riel",
                    "email": "me@mikevanriel.com"
                }
            ],
            "description": "With this component, a library can provide support for annotations via DocBlocks or otherwise retrieve information that is embedded in a DocBlock.",
            "time": "2019-12-28T18:55:12+00:00"
        },
        {
            "name": "phpdocumentor/type-resolver",
            "version": "1.0.1",
            "source": {
                "type": "git",
                "url": "https://github.com/phpDocumentor/TypeResolver.git",
                "reference": "2e32a6d48972b2c1976ed5d8967145b6cec4a4a9"
            },
            "dist": {
                "type": "zip",
                "url": "https://api.github.com/repos/phpDocumentor/TypeResolver/zipball/2e32a6d48972b2c1976ed5d8967145b6cec4a4a9",
                "reference": "2e32a6d48972b2c1976ed5d8967145b6cec4a4a9",
                "shasum": ""
            },
            "require": {
                "php": "^7.1",
                "phpdocumentor/reflection-common": "^2.0"
            },
            "require-dev": {
                "ext-tokenizer": "^7.1",
                "mockery/mockery": "~1",
                "phpunit/phpunit": "^7.0"
            },
            "type": "library",
            "extra": {
                "branch-alias": {
                    "dev-master": "1.x-dev"
                }
            },
            "autoload": {
                "psr-4": {
                    "phpDocumentor\\Reflection\\": "src"
                }
            },
            "notification-url": "https://packagist.org/downloads/",
            "license": [
                "MIT"
            ],
            "authors": [
                {
                    "name": "Mike van Riel",
                    "email": "me@mikevanriel.com"
                }
            ],
            "description": "A PSR-5 based resolver of Class names, Types and Structural Element Names",
            "time": "2019-08-22T18:11:29+00:00"
        },
        {
            "name": "psr/simple-cache",
            "version": "1.0.1",
            "source": {
                "type": "git",
                "url": "https://github.com/php-fig/simple-cache.git",
                "reference": "408d5eafb83c57f6365a3ca330ff23aa4a5fa39b"
            },
            "dist": {
                "type": "zip",
                "url": "https://api.github.com/repos/php-fig/simple-cache/zipball/408d5eafb83c57f6365a3ca330ff23aa4a5fa39b",
                "reference": "408d5eafb83c57f6365a3ca330ff23aa4a5fa39b",
                "shasum": ""
            },
            "require": {
                "php": ">=5.3.0"
            },
            "type": "library",
            "extra": {
                "branch-alias": {
                    "dev-master": "1.0.x-dev"
                }
            },
            "autoload": {
                "psr-4": {
                    "Psr\\SimpleCache\\": "src/"
                }
            },
            "notification-url": "https://packagist.org/downloads/",
            "license": [
                "MIT"
            ],
            "authors": [
                {
                    "name": "PHP-FIG",
                    "homepage": "http://www.php-fig.org/"
                }
            ],
            "description": "Common interfaces for simple caching",
            "keywords": [
                "cache",
                "caching",
                "psr",
                "psr-16",
                "simple-cache"
            ],
            "time": "2017-10-23T01:57:42+00:00"
        },
        {
            "name": "symfony/inflector",
            "version": "v5.0.3",
            "source": {
                "type": "git",
                "url": "https://github.com/symfony/inflector.git",
                "reference": "e375603b6bd12e8e3aec3fc1b640ac18a4ef4cb2"
            },
            "dist": {
                "type": "zip",
                "url": "https://api.github.com/repos/symfony/inflector/zipball/e375603b6bd12e8e3aec3fc1b640ac18a4ef4cb2",
                "reference": "e375603b6bd12e8e3aec3fc1b640ac18a4ef4cb2",
                "shasum": ""
            },
            "require": {
                "php": "^7.2.5",
                "symfony/polyfill-ctype": "~1.8"
            },
            "type": "library",
            "extra": {
                "branch-alias": {
                    "dev-master": "5.0-dev"
                }
            },
            "autoload": {
                "psr-4": {
                    "Symfony\\Component\\Inflector\\": ""
                },
                "exclude-from-classmap": [
                    "/Tests/"
                ]
            },
            "notification-url": "https://packagist.org/downloads/",
            "license": [
                "MIT"
            ],
            "authors": [
                {
                    "name": "Bernhard Schussek",
                    "email": "bschussek@gmail.com"
                },
                {
                    "name": "Symfony Community",
                    "homepage": "https://symfony.com/contributors"
                }
            ],
            "description": "Symfony Inflector Component",
            "homepage": "https://symfony.com",
            "keywords": [
                "inflection",
                "pluralize",
                "singularize",
                "string",
                "symfony",
                "words"
            ],
            "time": "2020-01-04T14:08:26+00:00"
        },
        {
            "name": "symfony/polyfill-ctype",
            "version": "v1.13.1",
            "source": {
                "type": "git",
                "url": "https://github.com/symfony/polyfill-ctype.git",
                "reference": "f8f0b461be3385e56d6de3dbb5a0df24c0c275e3"
            },
            "dist": {
                "type": "zip",
                "url": "https://api.github.com/repos/symfony/polyfill-ctype/zipball/f8f0b461be3385e56d6de3dbb5a0df24c0c275e3",
                "reference": "f8f0b461be3385e56d6de3dbb5a0df24c0c275e3",
                "shasum": ""
            },
            "require": {
                "php": ">=5.3.3"
            },
            "suggest": {
                "ext-ctype": "For best performance"
            },
            "type": "library",
            "extra": {
                "branch-alias": {
                    "dev-master": "1.13-dev"
                }
            },
            "autoload": {
                "psr-4": {
                    "Symfony\\Polyfill\\Ctype\\": ""
                },
                "files": [
                    "bootstrap.php"
                ]
            },
            "notification-url": "https://packagist.org/downloads/",
            "license": [
                "MIT"
            ],
            "authors": [
                {
                    "name": "Gert de Pagter",
                    "email": "BackEndTea@gmail.com"
                },
                {
                    "name": "Symfony Community",
                    "homepage": "https://symfony.com/contributors"
                }
            ],
            "description": "Symfony polyfill for ctype functions",
            "homepage": "https://symfony.com",
            "keywords": [
                "compatibility",
                "ctype",
                "polyfill",
                "portable"
            ],
            "time": "2019-11-27T13:56:44+00:00"
        },
        {
            "name": "symfony/polyfill-iconv",
            "version": "v1.13.1",
            "source": {
                "type": "git",
                "url": "https://github.com/symfony/polyfill-iconv.git",
                "reference": "a019efccc03f1a335af6b4f20c30f5ea8060be36"
            },
            "dist": {
                "type": "zip",
                "url": "https://api.github.com/repos/symfony/polyfill-iconv/zipball/a019efccc03f1a335af6b4f20c30f5ea8060be36",
                "reference": "a019efccc03f1a335af6b4f20c30f5ea8060be36",
                "shasum": ""
            },
            "require": {
                "php": ">=5.3.3"
            },
            "suggest": {
                "ext-iconv": "For best performance"
            },
            "type": "library",
            "extra": {
                "branch-alias": {
                    "dev-master": "1.13-dev"
                }
            },
            "autoload": {
                "psr-4": {
                    "Symfony\\Polyfill\\Iconv\\": ""
                },
                "files": [
                    "bootstrap.php"
                ]
            },
            "notification-url": "https://packagist.org/downloads/",
            "license": [
                "MIT"
            ],
            "authors": [
                {
                    "name": "Nicolas Grekas",
                    "email": "p@tchwork.com"
                },
                {
                    "name": "Symfony Community",
                    "homepage": "https://symfony.com/contributors"
                }
            ],
            "description": "Symfony polyfill for the Iconv extension",
            "homepage": "https://symfony.com",
            "keywords": [
                "compatibility",
                "iconv",
                "polyfill",
                "portable",
                "shim"
            ],
            "time": "2019-11-27T13:56:44+00:00"
        },
        {
            "name": "symfony/polyfill-intl-grapheme",
            "version": "v1.13.1",
            "source": {
                "type": "git",
                "url": "https://github.com/symfony/polyfill-intl-grapheme.git",
                "reference": "45c566a1ca16273f7ea6b930e013462e00e14502"
            },
            "dist": {
                "type": "zip",
                "url": "https://api.github.com/repos/symfony/polyfill-intl-grapheme/zipball/45c566a1ca16273f7ea6b930e013462e00e14502",
                "reference": "45c566a1ca16273f7ea6b930e013462e00e14502",
                "shasum": ""
            },
            "require": {
                "php": ">=5.3.3"
            },
            "suggest": {
                "ext-intl": "For best performance"
            },
            "type": "library",
            "extra": {
                "branch-alias": {
                    "dev-master": "1.13-dev"
                }
            },
            "autoload": {
                "psr-4": {
                    "Symfony\\Polyfill\\Intl\\Grapheme\\": ""
                },
                "files": [
                    "bootstrap.php"
                ]
            },
            "notification-url": "https://packagist.org/downloads/",
            "license": [
                "MIT"
            ],
            "authors": [
                {
                    "name": "Nicolas Grekas",
                    "email": "p@tchwork.com"
                },
                {
                    "name": "Symfony Community",
                    "homepage": "https://symfony.com/contributors"
                }
            ],
            "description": "Symfony polyfill for intl's grapheme_* functions",
            "homepage": "https://symfony.com",
            "keywords": [
                "compatibility",
                "grapheme",
                "intl",
                "polyfill",
                "portable",
                "shim"
            ],
            "time": "2019-11-27T13:56:44+00:00"
        },
        {
            "name": "symfony/polyfill-intl-normalizer",
            "version": "v1.13.1",
            "source": {
                "type": "git",
                "url": "https://github.com/symfony/polyfill-intl-normalizer.git",
                "reference": "cfe6ad557c15f3797f667e9518ce759aa04ae4f3"
            },
            "dist": {
                "type": "zip",
                "url": "https://api.github.com/repos/symfony/polyfill-intl-normalizer/zipball/cfe6ad557c15f3797f667e9518ce759aa04ae4f3",
                "reference": "cfe6ad557c15f3797f667e9518ce759aa04ae4f3",
                "shasum": ""
            },
            "require": {
                "php": ">=5.3.3"
            },
            "suggest": {
                "ext-intl": "For best performance"
            },
            "type": "library",
            "extra": {
                "branch-alias": {
                    "dev-master": "1.13-dev"
                }
            },
            "autoload": {
                "psr-4": {
                    "Symfony\\Polyfill\\Intl\\Normalizer\\": ""
                },
                "files": [
                    "bootstrap.php"
                ],
                "classmap": [
                    "Resources/stubs"
                ]
            },
            "notification-url": "https://packagist.org/downloads/",
            "license": [
                "MIT"
            ],
            "authors": [
                {
                    "name": "Nicolas Grekas",
                    "email": "p@tchwork.com"
                },
                {
                    "name": "Symfony Community",
                    "homepage": "https://symfony.com/contributors"
                }
            ],
            "description": "Symfony polyfill for intl's Normalizer class and related functions",
            "homepage": "https://symfony.com",
            "keywords": [
                "compatibility",
                "intl",
                "normalizer",
                "polyfill",
                "portable",
                "shim"
            ],
            "time": "2019-11-27T13:56:44+00:00"
        },
        {
            "name": "symfony/polyfill-mbstring",
            "version": "v1.13.1",
            "source": {
                "type": "git",
                "url": "https://github.com/symfony/polyfill-mbstring.git",
                "reference": "7b4aab9743c30be783b73de055d24a39cf4b954f"
            },
            "dist": {
                "type": "zip",
                "url": "https://api.github.com/repos/symfony/polyfill-mbstring/zipball/7b4aab9743c30be783b73de055d24a39cf4b954f",
                "reference": "7b4aab9743c30be783b73de055d24a39cf4b954f",
                "shasum": ""
            },
            "require": {
                "php": ">=5.3.3"
            },
            "suggest": {
                "ext-mbstring": "For best performance"
            },
            "type": "library",
            "extra": {
                "branch-alias": {
                    "dev-master": "1.13-dev"
                }
            },
            "autoload": {
                "psr-4": {
                    "Symfony\\Polyfill\\Mbstring\\": ""
                },
                "files": [
                    "bootstrap.php"
                ]
            },
            "notification-url": "https://packagist.org/downloads/",
            "license": [
                "MIT"
            ],
            "authors": [
                {
                    "name": "Nicolas Grekas",
                    "email": "p@tchwork.com"
                },
                {
                    "name": "Symfony Community",
                    "homepage": "https://symfony.com/contributors"
                }
            ],
            "description": "Symfony polyfill for the Mbstring extension",
            "homepage": "https://symfony.com",
            "keywords": [
                "compatibility",
                "mbstring",
                "polyfill",
                "portable",
                "shim"
            ],
            "time": "2019-11-27T14:18:11+00:00"
        },
        {
            "name": "symfony/polyfill-php72",
            "version": "v1.13.1",
            "source": {
                "type": "git",
                "url": "https://github.com/symfony/polyfill-php72.git",
                "reference": "66fea50f6cb37a35eea048d75a7d99a45b586038"
            },
            "dist": {
                "type": "zip",
                "url": "https://api.github.com/repos/symfony/polyfill-php72/zipball/66fea50f6cb37a35eea048d75a7d99a45b586038",
                "reference": "66fea50f6cb37a35eea048d75a7d99a45b586038",
                "shasum": ""
            },
            "require": {
                "php": ">=5.3.3"
            },
            "type": "library",
            "extra": {
                "branch-alias": {
                    "dev-master": "1.13-dev"
                }
            },
            "autoload": {
                "psr-4": {
                    "Symfony\\Polyfill\\Php72\\": ""
                },
                "files": [
                    "bootstrap.php"
                ]
            },
            "notification-url": "https://packagist.org/downloads/",
            "license": [
                "MIT"
            ],
            "authors": [
                {
                    "name": "Nicolas Grekas",
                    "email": "p@tchwork.com"
                },
                {
                    "name": "Symfony Community",
                    "homepage": "https://symfony.com/contributors"
                }
            ],
            "description": "Symfony polyfill backporting some PHP 7.2+ features to lower PHP versions",
            "homepage": "https://symfony.com",
            "keywords": [
                "compatibility",
                "polyfill",
                "portable",
                "shim"
            ],
            "time": "2019-11-27T13:56:44+00:00"
        },
        {
            "name": "symfony/property-access",
            "version": "v4.4.3",
            "source": {
                "type": "git",
                "url": "https://github.com/symfony/property-access.git",
                "reference": "090b4bc92ded1ec512f7e2ed1691210769dffdb3"
            },
            "dist": {
                "type": "zip",
                "url": "https://api.github.com/repos/symfony/property-access/zipball/090b4bc92ded1ec512f7e2ed1691210769dffdb3",
                "reference": "090b4bc92ded1ec512f7e2ed1691210769dffdb3",
                "shasum": ""
            },
            "require": {
                "php": "^7.1.3",
                "symfony/inflector": "^3.4|^4.0|^5.0"
            },
            "require-dev": {
                "symfony/cache": "^3.4|^4.0|^5.0"
            },
            "suggest": {
                "psr/cache-implementation": "To cache access methods."
            },
            "type": "library",
            "extra": {
                "branch-alias": {
                    "dev-master": "4.4-dev"
                }
            },
            "autoload": {
                "psr-4": {
                    "Symfony\\Component\\PropertyAccess\\": ""
                },
                "exclude-from-classmap": [
                    "/Tests/"
                ]
            },
            "notification-url": "https://packagist.org/downloads/",
            "license": [
                "MIT"
            ],
            "authors": [
                {
                    "name": "Fabien Potencier",
                    "email": "fabien@symfony.com"
                },
                {
                    "name": "Symfony Community",
                    "homepage": "https://symfony.com/contributors"
                }
            ],
            "description": "Symfony PropertyAccess Component",
            "homepage": "https://symfony.com",
            "keywords": [
                "access",
                "array",
                "extraction",
                "index",
                "injection",
                "object",
                "property",
                "property path",
                "reflection"
            ],
            "time": "2020-01-04T13:00:46+00:00"
        },
        {
            "name": "voku/arrayy",
            "version": "7.1.3",
            "source": {
                "type": "git",
                "url": "https://github.com/voku/Arrayy.git",
                "reference": "6d90b14615b30e178f0cdb1e8cf28ae026c74760"
            },
            "dist": {
                "type": "zip",
                "url": "https://api.github.com/repos/voku/Arrayy/zipball/6d90b14615b30e178f0cdb1e8cf28ae026c74760",
                "reference": "6d90b14615b30e178f0cdb1e8cf28ae026c74760",
                "shasum": ""
            },
            "require": {
                "ext-json": "*",
                "php": ">=7.0.0",
                "phpdocumentor/reflection-docblock": "~4.3",
                "symfony/polyfill-mbstring": "~1.0"
            },
            "require-dev": {
                "phpunit/phpunit": "~6.0 || ~7.0"
            },
            "type": "library",
            "autoload": {
                "psr-4": {
                    "Arrayy\\": "src/"
                },
                "files": [
                    "src/Create.php"
                ]
            },
            "notification-url": "https://packagist.org/downloads/",
            "license": [
                "MIT"
            ],
            "authors": [
                {
                    "name": "Lars Moelleken",
                    "email": "lars@moelleken.org",
                    "homepage": "http://www.moelleken.org/",
                    "role": "Maintainer"
                }
            ],
            "description": "Array manipulation library for PHP, called Arrayy!",
            "keywords": [
                "Arrayy",
                "array",
                "helpers",
                "manipulation",
                "methods",
                "utility",
                "utils"
            ],
            "time": "2020-01-06T13:40:27+00:00"
        },
        {
            "name": "voku/phonetic-algorithms",
            "version": "4.0.0",
            "source": {
                "type": "git",
                "url": "https://github.com/voku/phonetic-algorithms.git",
                "reference": "13fefc838b651f798f5870a1ac37eda0d8bbeb24"
            },
            "dist": {
                "type": "zip",
                "url": "https://api.github.com/repos/voku/phonetic-algorithms/zipball/13fefc838b651f798f5870a1ac37eda0d8bbeb24",
                "reference": "13fefc838b651f798f5870a1ac37eda0d8bbeb24",
                "shasum": ""
            },
            "require": {
                "php": ">=7.0.0",
                "voku/portable-utf8": "~5.0",
                "voku/stop-words": "~2.0"
            },
            "require-dev": {
                "phpunit/phpunit": "~6.0"
            },
            "type": "library",
            "autoload": {
                "psr-4": {
                    "voku\\": "src/voku/"
                }
            },
            "notification-url": "https://packagist.org/downloads/",
            "license": [
                "MIT"
            ],
            "authors": [
                {
                    "name": "Lars Moelleken",
                    "homepage": "http://www.moelleken.org/"
                }
            ],
            "description": "Phonetic-Algorithms for fuzzy searching | PHP",
            "keywords": [
                "Algorithm",
                "Homophone",
                "Kölner Phonetik",
                "metaphone",
                "phonetic"
            ],
            "time": "2017-12-23T03:02:26+00:00"
        },
        {
            "name": "voku/portable-ascii",
            "version": "1.4.6",
            "source": {
                "type": "git",
                "url": "https://github.com/voku/portable-ascii.git",
                "reference": "8b23920025c9b040301e3d1443b302547560f48d"
            },
            "dist": {
                "type": "zip",
                "url": "https://api.github.com/repos/voku/portable-ascii/zipball/8b23920025c9b040301e3d1443b302547560f48d",
                "reference": "8b23920025c9b040301e3d1443b302547560f48d",
                "shasum": ""
            },
            "require": {
                "php": ">=7.0.0"
            },
            "require-dev": {
                "phpunit/phpunit": "~6.0 || ~7.0"
            },
            "suggest": {
                "ext-intl": "Use Intl for transliterator_transliterate() support"
            },
            "type": "library",
            "autoload": {
                "psr-4": {
                    "voku\\": "src/voku/",
                    "voku\\tests\\": "tests/"
                }
            },
            "notification-url": "https://packagist.org/downloads/",
            "license": [
                "MIT"
            ],
            "authors": [
                {
                    "name": "Lars Moelleken",
                    "homepage": "http://www.moelleken.org/"
                }
            ],
            "description": "Portable ASCII library - performance optimized (ascii) string functions for php.",
            "homepage": "https://github.com/voku/portable-ascii",
            "keywords": [
                "ascii",
                "clean",
                "php"
            ],
            "time": "2019-12-23T12:30:26+00:00"
        },
        {
            "name": "voku/portable-utf8",
            "version": "5.4.38",
            "source": {
                "type": "git",
                "url": "https://github.com/voku/portable-utf8.git",
                "reference": "0991729d5ca364078b00fe0e107f87ec0d53b0d7"
            },
            "dist": {
                "type": "zip",
                "url": "https://api.github.com/repos/voku/portable-utf8/zipball/0991729d5ca364078b00fe0e107f87ec0d53b0d7",
                "reference": "0991729d5ca364078b00fe0e107f87ec0d53b0d7",
                "shasum": ""
            },
            "require": {
                "php": ">=7.0.0",
                "symfony/polyfill-iconv": "~1.0",
                "symfony/polyfill-intl-grapheme": "~1.0",
                "symfony/polyfill-intl-normalizer": "~1.0",
                "symfony/polyfill-mbstring": "~1.0",
                "symfony/polyfill-php72": "~1.0",
                "voku/portable-ascii": "~1.4"
            },
            "require-dev": {
                "phpunit/phpunit": "~6.0 || ~7.0"
            },
            "suggest": {
                "ext-ctype": "Use Ctype for e.g. hexadecimal digit detection",
                "ext-fileinfo": "Use Fileinfo for better binary file detection",
                "ext-iconv": "Use iconv for best performance",
                "ext-intl": "Use Intl for best performance",
                "ext-json": "Use JSON for string detection",
                "ext-mbstring": "Use Mbstring for best performance"
            },
            "type": "library",
            "autoload": {
                "psr-4": {
                    "voku\\": "src/voku/",
                    "voku\\tests\\": "tests/"
                },
                "files": [
                    "bootstrap.php"
                ]
            },
            "notification-url": "https://packagist.org/downloads/",
            "license": [
                "(Apache-2.0 or GPL-2.0)"
            ],
            "authors": [
                {
                    "name": "Nicolas Grekas",
                    "email": "p@tchwork.com"
                },
                {
                    "name": "Hamid Sarfraz",
                    "homepage": "http://pageconfig.com/"
                },
                {
                    "name": "Lars Moelleken",
                    "homepage": "http://www.moelleken.org/"
                }
            ],
            "description": "Portable UTF-8 library - performance optimized (unicode) string functions for php.",
            "homepage": "https://github.com/voku/portable-utf8",
            "keywords": [
                "UTF",
                "clean",
                "php",
                "unicode",
                "utf-8",
                "utf8"
            ],
            "time": "2020-01-14T13:30:41+00:00"
        },
        {
            "name": "voku/session2db",
            "version": "4.0.3",
            "source": {
                "type": "git",
                "url": "https://github.com/voku/session2db.git",
                "reference": "74753a46567922f5aeb93290b9551dfb14916468"
            },
            "dist": {
                "type": "zip",
                "url": "https://api.github.com/repos/voku/session2db/zipball/74753a46567922f5aeb93290b9551dfb14916468",
                "reference": "74753a46567922f5aeb93290b9551dfb14916468",
                "shasum": ""
            },
            "require": {
                "php": ">=7.0.0",
                "voku/simple-mysqli": "~7.0 || ~8.0"
            },
            "require-dev": {
                "phpunit/phpunit": "~6.0 || ~7.0"
            },
            "type": "library",
            "autoload": {
                "psr-4": {
                    "voku\\helper\\": "src/voku/helper/"
                }
            },
            "notification-url": "https://packagist.org/downloads/",
            "license": [
                "LGPL-3.0"
            ],
            "authors": [
                {
                    "name": "Stefan Gabos",
                    "email": "contact@stefangabos.ro",
                    "homepage": "http://stefangabos.ro/",
                    "role": "Developer"
                },
                {
                    "name": "Lars Moelleken",
                    "email": "lars@moelleken.org",
                    "homepage": "http://moelleken.org/",
                    "role": "Developer"
                }
            ],
            "description": "A PHP library acting as a wrapper for PHP's default session handling functions which stores data in a MySQL database, providing both better performance and better security and protection against session fixation and session hijacking.",
            "homepage": "http://stefangabos.ro/php-libraries/zebra-session/",
            "keywords": [
                "database",
                "fixation",
                "flash",
                "flashdata",
                "hijack",
                "locking",
                "mysql",
                "mysqli",
                "session"
            ],
            "time": "2019-10-18T02:26:09+00:00"
        },
        {
            "name": "voku/simple-cache",
            "version": "4.0.3",
            "source": {
                "type": "git",
                "url": "https://github.com/voku/simple-cache.git",
                "reference": "2e23cfce38ddfc2c4062179899f370e8c49f86d8"
            },
            "dist": {
                "type": "zip",
                "url": "https://api.github.com/repos/voku/simple-cache/zipball/2e23cfce38ddfc2c4062179899f370e8c49f86d8",
                "reference": "2e23cfce38ddfc2c4062179899f370e8c49f86d8",
                "shasum": ""
            },
            "require": {
                "php": ">=7.0.0",
                "psr/simple-cache": "~1.0"
            },
            "provide": {
                "psr/simple-cache-implementation": "1.0"
            },
            "require-dev": {
                "phpunit/phpunit": "~6.0 || ~7.0"
            },
            "type": "library",
            "autoload": {
                "psr-4": {
                    "voku\\cache\\": "src/voku/cache/"
                }
            },
            "notification-url": "https://packagist.org/downloads/",
            "license": [
                "MIT"
            ],
            "authors": [
                {
                    "name": "Lars Moelleken",
                    "homepage": "http://www.moelleken.org/",
                    "role": "Developer"
                }
            ],
            "description": "Simple Cache library",
            "homepage": "https://github.com/voku/simple-cache",
            "keywords": [
                "cache",
                "caching",
                "php",
                "simple cache"
            ],
            "time": "2019-11-18T01:25:04+00:00"
        },
        {
            "name": "voku/simple-mysqli",
            "version": "8.2.5",
            "source": {
                "type": "git",
                "url": "https://github.com/voku/simple-mysqli.git",
                "reference": "4b3e9c8da7fe21ff62395a7fae07f0344f7e9113"
            },
            "dist": {
                "type": "zip",
                "url": "https://api.github.com/repos/voku/simple-mysqli/zipball/4b3e9c8da7fe21ff62395a7fae07f0344f7e9113",
                "reference": "4b3e9c8da7fe21ff62395a7fae07f0344f7e9113",
                "shasum": ""
            },
            "require": {
                "ext-mysqli": "*",
                "php": ">=7.0",
                "symfony/property-access": "~2.8 || ~3.3 || ~4.0",
                "voku/arrayy": "~6.0 || ~7.0",
                "voku/phonetic-algorithms": "~4.0",
                "voku/portable-utf8": "~5.4",
                "voku/simple-cache": "~4.0"
            },
            "require-dev": {
                "doctrine/dbal": "~2.0",
                "phpunit/phpunit": "~6.0 || ~7.0"
            },
            "type": "library",
            "autoload": {
                "psr-4": {
                    "voku\\db\\": "src/voku/db/"
                }
            },
            "notification-url": "https://packagist.org/downloads/",
            "license": [
                "MIT"
            ],
            "authors": [
                {
                    "name": "Jonathan Tavares",
                    "email": "the.entomb@gmail.com",
                    "homepage": "https://github.com/entomb",
                    "role": "Developer"
                },
                {
                    "name": "Lars Moelleken",
                    "email": "lars@moelleken.org",
                    "homepage": "https://github.com/voku",
                    "role": "Developer"
                }
            ],
            "description": "Simple MySQLi library",
            "homepage": "https://github.com/voku/simple-mysqli",
            "keywords": [
                "db",
                "mysqli",
                "php",
                "simple db"
            ],
            "time": "2020-01-18T23:26:47+00:00"
        },
        {
            "name": "voku/stop-words",
            "version": "2.0.1",
            "source": {
                "type": "git",
                "url": "https://github.com/voku/stop-words.git",
                "reference": "8e63c0af20f800b1600783764e0ce19e53969f71"
            },
            "dist": {
                "type": "zip",
                "url": "https://api.github.com/repos/voku/stop-words/zipball/8e63c0af20f800b1600783764e0ce19e53969f71",
                "reference": "8e63c0af20f800b1600783764e0ce19e53969f71",
                "shasum": ""
            },
            "require": {
                "php": ">=7.0.0"
            },
            "require-dev": {
                "phpunit/phpunit": "~6.0"
            },
            "type": "library",
            "autoload": {
                "psr-4": {
                    "voku\\": "src/voku/"
                }
            },
            "notification-url": "https://packagist.org/downloads/",
            "license": [
                "MIT"
            ],
            "authors": [
                {
                    "name": "Lars Moelleken",
                    "homepage": "http://www.moelleken.org/"
                }
            ],
            "description": "Stop-Words via PHP",
            "keywords": [
                "stop words",
                "stop-words"
            ],
            "time": "2018-11-23T01:37:27+00:00"
        },
        {
            "name": "webmozart/assert",
            "version": "1.6.0",
            "source": {
                "type": "git",
                "url": "https://github.com/webmozart/assert.git",
                "reference": "573381c0a64f155a0d9a23f4b0c797194805b925"
            },
            "dist": {
                "type": "zip",
                "url": "https://api.github.com/repos/webmozart/assert/zipball/573381c0a64f155a0d9a23f4b0c797194805b925",
                "reference": "573381c0a64f155a0d9a23f4b0c797194805b925",
                "shasum": ""
            },
            "require": {
                "php": "^5.3.3 || ^7.0",
                "symfony/polyfill-ctype": "^1.8"
            },
            "conflict": {
                "vimeo/psalm": "<3.6.0"
            },
            "require-dev": {
                "phpunit/phpunit": "^4.8.36 || ^7.5.13"
            },
            "type": "library",
            "autoload": {
                "psr-4": {
                    "Webmozart\\Assert\\": "src/"
                }
            },
            "notification-url": "https://packagist.org/downloads/",
            "license": [
                "MIT"
            ],
            "authors": [
                {
                    "name": "Bernhard Schussek",
                    "email": "bschussek@gmail.com"
                }
            ],
            "description": "Assertions to validate method input/output with nice error messages.",
            "keywords": [
                "assert",
                "check",
                "validate"
            ],
            "time": "2019-11-24T13:36:37+00:00"
        }
    ],
    "packages-dev": [],
    "aliases": [],
    "minimum-stability": "stable",
    "stability-flags": [],
    "prefer-stable": false,
    "prefer-lowest": false,
    "platform": [],
    "platform-dev": []
}
